// !$*UTF8*$!
{
	archiveVersion = 1;
	classes = {
	};
	objectVersion = 50;
	objects = {

/* Begin PBXBuildFile section */
		023406C522B6823500F7A0F0 /* AppDelegate.swift in Sources */ = {isa = PBXBuildFile; fileRef = 023406C422B6823500F7A0F0 /* AppDelegate.swift */; };
		023406CA22B6823500F7A0F0 /* Grammar.storyboard in Resources */ = {isa = PBXBuildFile; fileRef = 023406C822B6823500F7A0F0 /* Grammar.storyboard */; };
		023406CC22B6823900F7A0F0 /* Assets.xcassets in Resources */ = {isa = PBXBuildFile; fileRef = 023406CB22B6823900F7A0F0 /* Assets.xcassets */; };
		023406CF22B6823900F7A0F0 /* LaunchScreen.storyboard in Resources */ = {isa = PBXBuildFile; fileRef = 023406CD22B6823900F7A0F0 /* LaunchScreen.storyboard */; };
		023406DA22B6823900F7A0F0 /* iosAppTests.swift in Sources */ = {isa = PBXBuildFile; fileRef = 023406D922B6823900F7A0F0 /* iosAppTests.swift */; };
		023406E522B6823900F7A0F0 /* iosAppUITests.swift in Sources */ = {isa = PBXBuildFile; fileRef = 023406E422B6823900F7A0F0 /* iosAppUITests.swift */; };
		02482D9D22B94F6B00BFD717 /* koreanNotebook.framework in Frameworks */ = {isa = PBXBuildFile; fileRef = 02482D9C22B94F6B00BFD717 /* koreanNotebook.framework */; };
		02482D9E22B94F6B00BFD717 /* koreanNotebook.framework in Embed Frameworks */ = {isa = PBXBuildFile; fileRef = 02482D9C22B94F6B00BFD717 /* koreanNotebook.framework */; settings = {ATTRIBUTES = (CodeSignOnCopy, RemoveHeadersOnCopy, ); }; };
		02482DA122BA0F7600BFD717 /* GrammarTableViewController.swift in Sources */ = {isa = PBXBuildFile; fileRef = 02482DA022BA0F7600BFD717 /* GrammarTableViewController.swift */; };
		02482DA322BA248A00BFD717 /* GrammarItemViewController.swift in Sources */ = {isa = PBXBuildFile; fileRef = 02482DA222BA248A00BFD717 /* GrammarItemViewController.swift */; };
		02482DA822BA43BF00BFD717 /* Vocabulary.storyboard in Resources */ = {isa = PBXBuildFile; fileRef = 02482DA722BA43BF00BFD717 /* Vocabulary.storyboard */; };
		02482DAA22BA43D900BFD717 /* VocabularyTableViewController.swift in Sources */ = {isa = PBXBuildFile; fileRef = 02482DA922BA43D900BFD717 /* VocabularyTableViewController.swift */; };
		02482DAC22BA43F100BFD717 /* VocabularyItemViewController.swift in Sources */ = {isa = PBXBuildFile; fileRef = 02482DAB22BA43F100BFD717 /* VocabularyItemViewController.swift */; };
		02482DAE22BA69F700BFD717 /* Main.storyboard in Resources */ = {isa = PBXBuildFile; fileRef = 02482DAD22BA69F700BFD717 /* Main.storyboard */; };
		02482DB022BA6DE000BFD717 /* MainController.swift in Sources */ = {isa = PBXBuildFile; fileRef = 02482DAF22BA6DE000BFD717 /* MainController.swift */; };
		02482DB422BA70F800BFD717 /* VocabularyCategory.storyboard in Resources */ = {isa = PBXBuildFile; fileRef = 02482DB322BA70F800BFD717 /* VocabularyCategory.storyboard */; };
		02482DB622BA72E300BFD717 /* GrammarCategory.storyboard in Resources */ = {isa = PBXBuildFile; fileRef = 02482DB522BA72E300BFD717 /* GrammarCategory.storyboard */; };
		02482DBA22BA733B00BFD717 /* GrammarCategoryViewController.swift in Sources */ = {isa = PBXBuildFile; fileRef = 02482DB922BA733B00BFD717 /* GrammarCategoryViewController.swift */; };
		02482DBC22BA735300BFD717 /* VocabularyCategoryViewController.swift in Sources */ = {isa = PBXBuildFile; fileRef = 02482DBB22BA735300BFD717 /* VocabularyCategoryViewController.swift */; };
		02482DC122BA83E500BFD717 /* Storyboard.storyboard in Resources */ = {isa = PBXBuildFile; fileRef = 02482DC022BA83E500BFD717 /* Storyboard.storyboard */; };
/* End PBXBuildFile section */

/* Begin PBXContainerItemProxy section */
		023406D622B6823900F7A0F0 /* PBXContainerItemProxy */ = {
			isa = PBXContainerItemProxy;
			containerPortal = 023406B922B6823500F7A0F0 /* Project object */;
			proxyType = 1;
			remoteGlobalIDString = 023406C022B6823500F7A0F0;
			remoteInfo = iosApp;
		};
		023406E122B6823900F7A0F0 /* PBXContainerItemProxy */ = {
			isa = PBXContainerItemProxy;
			containerPortal = 023406B922B6823500F7A0F0 /* Project object */;
			proxyType = 1;
			remoteGlobalIDString = 023406C022B6823500F7A0F0;
			remoteInfo = iosApp;
		};
/* End PBXContainerItemProxy section */

/* Begin PBXCopyFilesBuildPhase section */
		02482D9F22B94F6B00BFD717 /* Embed Frameworks */ = {
			isa = PBXCopyFilesBuildPhase;
			buildActionMask = 2147483647;
			dstPath = "";
			dstSubfolderSpec = 10;
			files = (
				02482D9E22B94F6B00BFD717 /* koreanNotebook.framework in Embed Frameworks */,
			);
			name = "Embed Frameworks";
			runOnlyForDeploymentPostprocessing = 0;
		};
/* End PBXCopyFilesBuildPhase section */

/* Begin PBXFileReference section */
		023406C122B6823500F7A0F0 /* iosApp.app */ = {isa = PBXFileReference; explicitFileType = wrapper.application; includeInIndex = 0; path = iosApp.app; sourceTree = BUILT_PRODUCTS_DIR; };
		023406C422B6823500F7A0F0 /* AppDelegate.swift */ = {isa = PBXFileReference; lastKnownFileType = sourcecode.swift; path = AppDelegate.swift; sourceTree = "<group>"; };
		023406C922B6823500F7A0F0 /* Base */ = {isa = PBXFileReference; lastKnownFileType = file.storyboard; name = Base; path = Base.lproj/Grammar.storyboard; sourceTree = "<group>"; };
		023406CB22B6823900F7A0F0 /* Assets.xcassets */ = {isa = PBXFileReference; lastKnownFileType = folder.assetcatalog; path = Assets.xcassets; sourceTree = "<group>"; };
		023406CE22B6823900F7A0F0 /* Base */ = {isa = PBXFileReference; lastKnownFileType = file.storyboard; name = Base; path = Base.lproj/LaunchScreen.storyboard; sourceTree = "<group>"; };
		023406D022B6823900F7A0F0 /* Info.plist */ = {isa = PBXFileReference; lastKnownFileType = text.plist.xml; path = Info.plist; sourceTree = "<group>"; };
		023406D522B6823900F7A0F0 /* iosAppTests.xctest */ = {isa = PBXFileReference; explicitFileType = wrapper.cfbundle; includeInIndex = 0; path = iosAppTests.xctest; sourceTree = BUILT_PRODUCTS_DIR; };
		023406D922B6823900F7A0F0 /* iosAppTests.swift */ = {isa = PBXFileReference; lastKnownFileType = sourcecode.swift; path = iosAppTests.swift; sourceTree = "<group>"; };
		023406DB22B6823900F7A0F0 /* Info.plist */ = {isa = PBXFileReference; lastKnownFileType = text.plist.xml; path = Info.plist; sourceTree = "<group>"; };
		023406E022B6823900F7A0F0 /* iosAppUITests.xctest */ = {isa = PBXFileReference; explicitFileType = wrapper.cfbundle; includeInIndex = 0; path = iosAppUITests.xctest; sourceTree = BUILT_PRODUCTS_DIR; };
		023406E422B6823900F7A0F0 /* iosAppUITests.swift */ = {isa = PBXFileReference; lastKnownFileType = sourcecode.swift; path = iosAppUITests.swift; sourceTree = "<group>"; };
		023406E622B6823900F7A0F0 /* Info.plist */ = {isa = PBXFileReference; lastKnownFileType = text.plist.xml; path = Info.plist; sourceTree = "<group>"; };
		023406F322B683D100F7A0F0 /* releaseFramework */ = {isa = PBXFileReference; lastKnownFileType = folder; name = releaseFramework; path = ../koreanNotebook/build/bin/ios/releaseFramework; sourceTree = "<group>"; };
		02482D9C22B94F6B00BFD717 /* koreanNotebook.framework */ = {isa = PBXFileReference; lastKnownFileType = wrapper.framework; name = koreanNotebook.framework; path = ../koreanNotebook/build/bin/ios/releaseFramework/koreanNotebook.framework; sourceTree = "<group>"; };
		02482DA022BA0F7600BFD717 /* GrammarTableViewController.swift */ = {isa = PBXFileReference; lastKnownFileType = sourcecode.swift; path = GrammarTableViewController.swift; sourceTree = "<group>"; };
		02482DA222BA248A00BFD717 /* GrammarItemViewController.swift */ = {isa = PBXFileReference; lastKnownFileType = sourcecode.swift; path = GrammarItemViewController.swift; sourceTree = "<group>"; };
		02482DA722BA43BF00BFD717 /* Vocabulary.storyboard */ = {isa = PBXFileReference; fileEncoding = 4; lastKnownFileType = file.storyboard; path = Vocabulary.storyboard; sourceTree = "<group>"; };
		02482DA922BA43D900BFD717 /* VocabularyTableViewController.swift */ = {isa = PBXFileReference; fileEncoding = 4; lastKnownFileType = sourcecode.swift; name = VocabularyTableViewController.swift; path = iosApp/VocabularyTableViewController.swift; sourceTree = SOURCE_ROOT; };
		02482DAB22BA43F100BFD717 /* VocabularyItemViewController.swift */ = {isa = PBXFileReference; fileEncoding = 4; lastKnownFileType = sourcecode.swift; name = VocabularyItemViewController.swift; path = iosApp/VocabularyItemViewController.swift; sourceTree = SOURCE_ROOT; };
		02482DAD22BA69F700BFD717 /* Main.storyboard */ = {isa = PBXFileReference; lastKnownFileType = file.storyboard; path = Main.storyboard; sourceTree = "<group>"; };
		02482DAF22BA6DE000BFD717 /* MainController.swift */ = {isa = PBXFileReference; lastKnownFileType = sourcecode.swift; path = MainController.swift; sourceTree = "<group>"; };
		02482DB322BA70F800BFD717 /* VocabularyCategory.storyboard */ = {isa = PBXFileReference; lastKnownFileType = file.storyboard; path = VocabularyCategory.storyboard; sourceTree = "<group>"; };
		02482DB522BA72E300BFD717 /* GrammarCategory.storyboard */ = {isa = PBXFileReference; fileEncoding = 4; lastKnownFileType = file.storyboard; path = GrammarCategory.storyboard; sourceTree = "<group>"; };
		02482DB922BA733B00BFD717 /* GrammarCategoryViewController.swift */ = {isa = PBXFileReference; fileEncoding = 4; lastKnownFileType = sourcecode.swift; path = GrammarCategoryViewController.swift; sourceTree = "<group>"; };
		02482DBB22BA735300BFD717 /* VocabularyCategoryViewController.swift */ = {isa = PBXFileReference; fileEncoding = 4; lastKnownFileType = sourcecode.swift; path = VocabularyCategoryViewController.swift; sourceTree = "<group>"; };
		02482DC022BA83E500BFD717 /* Storyboard.storyboard */ = {isa = PBXFileReference; lastKnownFileType = file.storyboard; path = Storyboard.storyboard; sourceTree = "<group>"; };
/* End PBXFileReference section */

/* Begin PBXFrameworksBuildPhase section */
		023406BE22B6823500F7A0F0 /* Frameworks */ = {
			isa = PBXFrameworksBuildPhase;
			buildActionMask = 2147483647;
			files = (
				02482D9D22B94F6B00BFD717 /* koreanNotebook.framework in Frameworks */,
			);
			runOnlyForDeploymentPostprocessing = 0;
		};
		023406D222B6823900F7A0F0 /* Frameworks */ = {
			isa = PBXFrameworksBuildPhase;
			buildActionMask = 2147483647;
			files = (
			);
			runOnlyForDeploymentPostprocessing = 0;
		};
		023406DD22B6823900F7A0F0 /* Frameworks */ = {
			isa = PBXFrameworksBuildPhase;
			buildActionMask = 2147483647;
			files = (
			);
			runOnlyForDeploymentPostprocessing = 0;
		};
/* End PBXFrameworksBuildPhase section */

/* Begin PBXGroup section */
		023406B822B6823500F7A0F0 = {
			isa = PBXGroup;
			children = (
				023406F322B683D100F7A0F0 /* releaseFramework */,
				02482D9C22B94F6B00BFD717 /* koreanNotebook.framework */,
				023406C322B6823500F7A0F0 /* iosApp */,
				023406D822B6823900F7A0F0 /* iosAppTests */,
				023406E322B6823900F7A0F0 /* iosAppUITests */,
				023406C222B6823500F7A0F0 /* Products */,
			);
			sourceTree = "<group>";
		};
		023406C222B6823500F7A0F0 /* Products */ = {
			isa = PBXGroup;
			children = (
				023406C122B6823500F7A0F0 /* iosApp.app */,
				023406D522B6823900F7A0F0 /* iosAppTests.xctest */,
				023406E022B6823900F7A0F0 /* iosAppUITests.xctest */,
			);
			name = Products;
			sourceTree = "<group>";
		};
		023406C322B6823500F7A0F0 /* iosApp */ = {
			isa = PBXGroup;
			children = (
				023406D022B6823900F7A0F0 /* Info.plist */,
				02482DB522BA72E300BFD717 /* GrammarCategory.storyboard */,
				02482DAD22BA69F700BFD717 /* Main.storyboard */,
				02482DA722BA43BF00BFD717 /* Vocabulary.storyboard */,
				02482DB322BA70F800BFD717 /* VocabularyCategory.storyboard */,
				023406C422B6823500F7A0F0 /* AppDelegate.swift */,
				02482DAF22BA6DE000BFD717 /* MainController.swift */,
				023406CB22B6823900F7A0F0 /* Assets.xcassets */,
				02482DB922BA733B00BFD717 /* GrammarCategoryViewController.swift */,
				02482DA022BA0F7600BFD717 /* GrammarTableViewController.swift */,
				02482DA222BA248A00BFD717 /* GrammarItemViewController.swift */,
				023406C822B6823500F7A0F0 /* Grammar.storyboard */,
				023406CD22B6823900F7A0F0 /* LaunchScreen.storyboard */,
				02482DBB22BA735300BFD717 /* VocabularyCategoryViewController.swift */,
				02482DAB22BA43F100BFD717 /* VocabularyItemViewController.swift */,
				02482DA922BA43D900BFD717 /* VocabularyTableViewController.swift */,
				02482DC022BA83E500BFD717 /* Storyboard.storyboard */,
			);
			path = iosApp;
			sourceTree = "<group>";
		};
		023406D822B6823900F7A0F0 /* iosAppTests */ = {
			isa = PBXGroup;
			children = (
				023406D922B6823900F7A0F0 /* iosAppTests.swift */,
				023406DB22B6823900F7A0F0 /* Info.plist */,
			);
			path = iosAppTests;
			sourceTree = "<group>";
		};
		023406E322B6823900F7A0F0 /* iosAppUITests */ = {
			isa = PBXGroup;
			children = (
				023406E422B6823900F7A0F0 /* iosAppUITests.swift */,
				023406E622B6823900F7A0F0 /* Info.plist */,
			);
			path = iosAppUITests;
			sourceTree = "<group>";
		};
/* End PBXGroup section */

/* Begin PBXNativeTarget section */
		023406C022B6823500F7A0F0 /* iosApp */ = {
			isa = PBXNativeTarget;
			buildConfigurationList = 023406E922B6823900F7A0F0 /* Build configuration list for PBXNativeTarget "iosApp" */;
			buildPhases = (
				023406F222B6825F00F7A0F0 /* ShellScript */,
				023406BD22B6823500F7A0F0 /* Sources */,
				023406BE22B6823500F7A0F0 /* Frameworks */,
				023406BF22B6823500F7A0F0 /* Resources */,
				02482D9F22B94F6B00BFD717 /* Embed Frameworks */,
			);
			buildRules = (
			);
			dependencies = (
			);
			name = iosApp;
			productName = iosApp;
			productReference = 023406C122B6823500F7A0F0 /* iosApp.app */;
			productType = "com.apple.product-type.application";
		};
		023406D422B6823900F7A0F0 /* iosAppTests */ = {
			isa = PBXNativeTarget;
			buildConfigurationList = 023406EC22B6823900F7A0F0 /* Build configuration list for PBXNativeTarget "iosAppTests" */;
			buildPhases = (
				023406D122B6823900F7A0F0 /* Sources */,
				023406D222B6823900F7A0F0 /* Frameworks */,
				023406D322B6823900F7A0F0 /* Resources */,
			);
			buildRules = (
			);
			dependencies = (
				023406D722B6823900F7A0F0 /* PBXTargetDependency */,
			);
			name = iosAppTests;
			productName = iosAppTests;
			productReference = 023406D522B6823900F7A0F0 /* iosAppTests.xctest */;
			productType = "com.apple.product-type.bundle.unit-test";
		};
		023406DF22B6823900F7A0F0 /* iosAppUITests */ = {
			isa = PBXNativeTarget;
			buildConfigurationList = 023406EF22B6823900F7A0F0 /* Build configuration list for PBXNativeTarget "iosAppUITests" */;
			buildPhases = (
				023406DC22B6823900F7A0F0 /* Sources */,
				023406DD22B6823900F7A0F0 /* Frameworks */,
				023406DE22B6823900F7A0F0 /* Resources */,
			);
			buildRules = (
			);
			dependencies = (
				023406E222B6823900F7A0F0 /* PBXTargetDependency */,
			);
			name = iosAppUITests;
			productName = iosAppUITests;
			productReference = 023406E022B6823900F7A0F0 /* iosAppUITests.xctest */;
			productType = "com.apple.product-type.bundle.ui-testing";
		};
/* End PBXNativeTarget section */

/* Begin PBXProject section */
		023406B922B6823500F7A0F0 /* Project object */ = {
			isa = PBXProject;
			attributes = {
				LastSwiftUpdateCheck = 1000;
				LastUpgradeCheck = 1000;
				ORGANIZATIONNAME = janaszek;
				TargetAttributes = {
					023406C022B6823500F7A0F0 = {
						CreatedOnToolsVersion = 10.0;
					};
					023406D422B6823900F7A0F0 = {
						CreatedOnToolsVersion = 10.0;
						TestTargetID = 023406C022B6823500F7A0F0;
					};
					023406DF22B6823900F7A0F0 = {
						CreatedOnToolsVersion = 10.0;
						TestTargetID = 023406C022B6823500F7A0F0;
					};
				};
			};
			buildConfigurationList = 023406BC22B6823500F7A0F0 /* Build configuration list for PBXProject "iosApp" */;
			compatibilityVersion = "Xcode 9.3";
			developmentRegion = en;
			hasScannedForEncodings = 0;
			knownRegions = (
				en,
				Base,
			);
			mainGroup = 023406B822B6823500F7A0F0;
			productRefGroup = 023406C222B6823500F7A0F0 /* Products */;
			projectDirPath = "";
			projectRoot = "";
			targets = (
				023406C022B6823500F7A0F0 /* iosApp */,
				023406D422B6823900F7A0F0 /* iosAppTests */,
				023406DF22B6823900F7A0F0 /* iosAppUITests */,
			);
		};
/* End PBXProject section */

/* Begin PBXResourcesBuildPhase section */
		023406BF22B6823500F7A0F0 /* Resources */ = {
			isa = PBXResourcesBuildPhase;
			buildActionMask = 2147483647;
			files = (
				02482DB422BA70F800BFD717 /* VocabularyCategory.storyboard in Resources */,
				02482DA822BA43BF00BFD717 /* Vocabulary.storyboard in Resources */,
				02482DAE22BA69F700BFD717 /* Main.storyboard in Resources */,
				02482DB622BA72E300BFD717 /* GrammarCategory.storyboard in Resources */,
				023406CF22B6823900F7A0F0 /* LaunchScreen.storyboard in Resources */,
				02482DC122BA83E500BFD717 /* Storyboard.storyboard in Resources */,
				023406CC22B6823900F7A0F0 /* Assets.xcassets in Resources */,
				023406CA22B6823500F7A0F0 /* Grammar.storyboard in Resources */,
			);
			runOnlyForDeploymentPostprocessing = 0;
		};
		023406D322B6823900F7A0F0 /* Resources */ = {
			isa = PBXResourcesBuildPhase;
			buildActionMask = 2147483647;
			files = (
			);
			runOnlyForDeploymentPostprocessing = 0;
		};
		023406DE22B6823900F7A0F0 /* Resources */ = {
			isa = PBXResourcesBuildPhase;
			buildActionMask = 2147483647;
			files = (
			);
			runOnlyForDeploymentPostprocessing = 0;
		};
/* End PBXResourcesBuildPhase section */

/* Begin PBXShellScriptBuildPhase section */
		023406F222B6825F00F7A0F0 /* ShellScript */ = {
			isa = PBXShellScriptBuildPhase;
			buildActionMask = 2147483647;
			files = (
			);
			inputFileListPaths = (
			);
			inputPaths = (
			);
			outputFileListPaths = (
			);
			outputPaths = (
			);
			runOnlyForDeploymentPostprocessing = 0;
			shellPath = /bin/sh;
			shellScript = "cd \"$SRCROOT/../\"\n./gradlew koreanNotebook:copyFramework \\\n-Pconfiguration.build.dir=\"$CONFIGURATION_BUILD_DIR\"          \\\n-Pkotlin.build.type=\"$KOTLIN_BUILD_TYPE\"                      \\\n-Pdevice=\"$KOTLIN_DEVICE\"\n";
		};
/* End PBXShellScriptBuildPhase section */

/* Begin PBXSourcesBuildPhase section */
		023406BD22B6823500F7A0F0 /* Sources */ = {
			isa = PBXSourcesBuildPhase;
			buildActionMask = 2147483647;
			files = (
				02482DBA22BA733B00BFD717 /* GrammarCategoryViewController.swift in Sources */,
				023406C522B6823500F7A0F0 /* AppDelegate.swift in Sources */,
				02482DAC22BA43F100BFD717 /* VocabularyItemViewController.swift in Sources */,
				02482DA322BA248A00BFD717 /* GrammarItemViewController.swift in Sources */,
				02482DA122BA0F7600BFD717 /* GrammarTableViewController.swift in Sources */,
				02482DBC22BA735300BFD717 /* VocabularyCategoryViewController.swift in Sources */,
				02482DB022BA6DE000BFD717 /* MainController.swift in Sources */,
				02482DAA22BA43D900BFD717 /* VocabularyTableViewController.swift in Sources */,
			);
			runOnlyForDeploymentPostprocessing = 0;
		};
		023406D122B6823900F7A0F0 /* Sources */ = {
			isa = PBXSourcesBuildPhase;
			buildActionMask = 2147483647;
			files = (
				023406DA22B6823900F7A0F0 /* iosAppTests.swift in Sources */,
			);
			runOnlyForDeploymentPostprocessing = 0;
		};
		023406DC22B6823900F7A0F0 /* Sources */ = {
			isa = PBXSourcesBuildPhase;
			buildActionMask = 2147483647;
			files = (
				023406E522B6823900F7A0F0 /* iosAppUITests.swift in Sources */,
			);
			runOnlyForDeploymentPostprocessing = 0;
		};
/* End PBXSourcesBuildPhase section */

/* Begin PBXTargetDependency section */
		023406D722B6823900F7A0F0 /* PBXTargetDependency */ = {
			isa = PBXTargetDependency;
			target = 023406C022B6823500F7A0F0 /* iosApp */;
			targetProxy = 023406D622B6823900F7A0F0 /* PBXContainerItemProxy */;
		};
		023406E222B6823900F7A0F0 /* PBXTargetDependency */ = {
			isa = PBXTargetDependency;
			target = 023406C022B6823500F7A0F0 /* iosApp */;
			targetProxy = 023406E122B6823900F7A0F0 /* PBXContainerItemProxy */;
		};
/* End PBXTargetDependency section */

/* Begin PBXVariantGroup section */
		023406C822B6823500F7A0F0 /* Grammar.storyboard */ = {
			isa = PBXVariantGroup;
			children = (
				023406C922B6823500F7A0F0 /* Base */,
			);
			name = Grammar.storyboard;
			sourceTree = "<group>";
		};
		023406CD22B6823900F7A0F0 /* LaunchScreen.storyboard */ = {
			isa = PBXVariantGroup;
			children = (
				023406CE22B6823900F7A0F0 /* Base */,
			);
			name = LaunchScreen.storyboard;
			sourceTree = "<group>";
		};
/* End PBXVariantGroup section */

/* Begin XCBuildConfiguration section */
		023406E722B6823900F7A0F0 /* Debug */ = {
			isa = XCBuildConfiguration;
			buildSettings = {
				ALWAYS_SEARCH_USER_PATHS = NO;
				CLANG_ANALYZER_NONNULL = YES;
				CLANG_ANALYZER_NUMBER_OBJECT_CONVERSION = YES_AGGRESSIVE;
				CLANG_CXX_LANGUAGE_STANDARD = "gnu++14";
				CLANG_CXX_LIBRARY = "libc++";
				CLANG_ENABLE_MODULES = YES;
				CLANG_ENABLE_OBJC_ARC = YES;
				CLANG_ENABLE_OBJC_WEAK = YES;
				CLANG_WARN_BLOCK_CAPTURE_AUTORELEASING = YES;
				CLANG_WARN_BOOL_CONVERSION = YES;
				CLANG_WARN_COMMA = YES;
				CLANG_WARN_CONSTANT_CONVERSION = YES;
				CLANG_WARN_DEPRECATED_OBJC_IMPLEMENTATIONS = YES;
				CLANG_WARN_DIRECT_OBJC_ISA_USAGE = YES_ERROR;
				CLANG_WARN_DOCUMENTATION_COMMENTS = YES;
				CLANG_WARN_EMPTY_BODY = YES;
				CLANG_WARN_ENUM_CONVERSION = YES;
				CLANG_WARN_INFINITE_RECURSION = YES;
				CLANG_WARN_INT_CONVERSION = YES;
				CLANG_WARN_NON_LITERAL_NULL_CONVERSION = YES;
				CLANG_WARN_OBJC_IMPLICIT_RETAIN_SELF = YES;
				CLANG_WARN_OBJC_LITERAL_CONVERSION = YES;
				CLANG_WARN_OBJC_ROOT_CLASS = YES_ERROR;
				CLANG_WARN_RANGE_LOOP_ANALYSIS = YES;
				CLANG_WARN_STRICT_PROTOTYPES = YES;
				CLANG_WARN_SUSPICIOUS_MOVE = YES;
				CLANG_WARN_UNGUARDED_AVAILABILITY = YES_AGGRESSIVE;
				CLANG_WARN_UNREACHABLE_CODE = YES;
				CLANG_WARN__DUPLICATE_METHOD_MATCH = YES;
				CODE_SIGN_IDENTITY = "iPhone Developer";
				COPY_PHASE_STRIP = NO;
				DEBUG_INFORMATION_FORMAT = dwarf;
				ENABLE_STRICT_OBJC_MSGSEND = YES;
				ENABLE_TESTABILITY = YES;
				GCC_C_LANGUAGE_STANDARD = gnu11;
				GCC_DYNAMIC_NO_PIC = NO;
				GCC_NO_COMMON_BLOCKS = YES;
				GCC_OPTIMIZATION_LEVEL = 0;
				GCC_PREPROCESSOR_DEFINITIONS = (
					"DEBUG=1",
					"$(inherited)",
				);
				GCC_WARN_64_TO_32_BIT_CONVERSION = YES;
				GCC_WARN_ABOUT_RETURN_TYPE = YES_ERROR;
				GCC_WARN_UNDECLARED_SELECTOR = YES;
				GCC_WARN_UNINITIALIZED_AUTOS = YES_AGGRESSIVE;
				GCC_WARN_UNUSED_FUNCTION = YES;
				GCC_WARN_UNUSED_VARIABLE = YES;
				IPHONEOS_DEPLOYMENT_TARGET = 12.0;
				MTL_ENABLE_DEBUG_INFO = INCLUDE_SOURCE;
				MTL_FAST_MATH = YES;
				ONLY_ACTIVE_ARCH = YES;
				SDKROOT = iphoneos;
				SWIFT_ACTIVE_COMPILATION_CONDITIONS = DEBUG;
				SWIFT_OPTIMIZATION_LEVEL = "-Onone";
			};
			name = Debug;
		};
		023406E822B6823900F7A0F0 /* Release */ = {
			isa = XCBuildConfiguration;
			buildSettings = {
				ALWAYS_SEARCH_USER_PATHS = NO;
				CLANG_ANALYZER_NONNULL = YES;
				CLANG_ANALYZER_NUMBER_OBJECT_CONVERSION = YES_AGGRESSIVE;
				CLANG_CXX_LANGUAGE_STANDARD = "gnu++14";
				CLANG_CXX_LIBRARY = "libc++";
				CLANG_ENABLE_MODULES = YES;
				CLANG_ENABLE_OBJC_ARC = YES;
				CLANG_ENABLE_OBJC_WEAK = YES;
				CLANG_WARN_BLOCK_CAPTURE_AUTORELEASING = YES;
				CLANG_WARN_BOOL_CONVERSION = YES;
				CLANG_WARN_COMMA = YES;
				CLANG_WARN_CONSTANT_CONVERSION = YES;
				CLANG_WARN_DEPRECATED_OBJC_IMPLEMENTATIONS = YES;
				CLANG_WARN_DIRECT_OBJC_ISA_USAGE = YES_ERROR;
				CLANG_WARN_DOCUMENTATION_COMMENTS = YES;
				CLANG_WARN_EMPTY_BODY = YES;
				CLANG_WARN_ENUM_CONVERSION = YES;
				CLANG_WARN_INFINITE_RECURSION = YES;
				CLANG_WARN_INT_CONVERSION = YES;
				CLANG_WARN_NON_LITERAL_NULL_CONVERSION = YES;
				CLANG_WARN_OBJC_IMPLICIT_RETAIN_SELF = YES;
				CLANG_WARN_OBJC_LITERAL_CONVERSION = YES;
				CLANG_WARN_OBJC_ROOT_CLASS = YES_ERROR;
				CLANG_WARN_RANGE_LOOP_ANALYSIS = YES;
				CLANG_WARN_STRICT_PROTOTYPES = YES;
				CLANG_WARN_SUSPICIOUS_MOVE = YES;
				CLANG_WARN_UNGUARDED_AVAILABILITY = YES_AGGRESSIVE;
				CLANG_WARN_UNREACHABLE_CODE = YES;
				CLANG_WARN__DUPLICATE_METHOD_MATCH = YES;
				CODE_SIGN_IDENTITY = "iPhone Developer";
				COPY_PHASE_STRIP = NO;
				DEBUG_INFORMATION_FORMAT = "dwarf-with-dsym";
				ENABLE_NS_ASSERTIONS = NO;
				ENABLE_STRICT_OBJC_MSGSEND = YES;
				GCC_C_LANGUAGE_STANDARD = gnu11;
				GCC_NO_COMMON_BLOCKS = YES;
				GCC_WARN_64_TO_32_BIT_CONVERSION = YES;
				GCC_WARN_ABOUT_RETURN_TYPE = YES_ERROR;
				GCC_WARN_UNDECLARED_SELECTOR = YES;
				GCC_WARN_UNINITIALIZED_AUTOS = YES_AGGRESSIVE;
				GCC_WARN_UNUSED_FUNCTION = YES;
				GCC_WARN_UNUSED_VARIABLE = YES;
				IPHONEOS_DEPLOYMENT_TARGET = 12.0;
				MTL_ENABLE_DEBUG_INFO = NO;
				MTL_FAST_MATH = YES;
				SDKROOT = iphoneos;
				SWIFT_COMPILATION_MODE = wholemodule;
				SWIFT_OPTIMIZATION_LEVEL = "-O";
				VALIDATE_PRODUCT = YES;
			};
			name = Release;
		};
		023406EA22B6823900F7A0F0 /* Debug */ = {
			isa = XCBuildConfiguration;
			buildSettings = {
				ASSETCATALOG_COMPILER_APPICON_NAME = AppIcon;
				CODE_SIGN_STYLE = Automatic;
				FRAMEWORK_SEARCH_PATHS = "/Users/qaadmin/Documents/asia/korean-notebook/koreanNotebook/build/bin/ios/releaseFramework";
				INFOPLIST_FILE = iosApp/Info.plist;
				KOTLIN_BUILD_TYPE = DEBUG;
				KOTLIN_DEVICE = "";
				"KOTLIN_DEVICE[sdk=iphoneos*]" = true;
				"KOTLIN_DEVICE[sdk=iphonesimulator*]" = false;
				LD_RUNPATH_SEARCH_PATHS = (
					"$(inherited)",
					"@executable_path/Frameworks",
				);
				PRODUCT_BUNDLE_IDENTIFIER = com.janaszek.iosApp;
				PRODUCT_NAME = "$(TARGET_NAME)";
				SWIFT_VERSION = 4.2;
				TARGETED_DEVICE_FAMILY = "1,2";
			};
			name = Debug;
		};
		023406EB22B6823900F7A0F0 /* Release */ = {
			isa = XCBuildConfiguration;
			buildSettings = {
				ASSETCATALOG_COMPILER_APPICON_NAME = AppIcon;
				CODE_SIGN_STYLE = Automatic;
				FRAMEWORK_SEARCH_PATHS = "/Users/qaadmin/Documents/asia/korean-notebook/koreanNotebook/build/bin/ios/releaseFramework";
				INFOPLIST_FILE = iosApp/Info.plist;
				KOTLIN_BUILD_TYPE = RELEASE;
				KOTLIN_DEVICE = "";
				"KOTLIN_DEVICE[sdk=iphoneos*]" = true;
				"KOTLIN_DEVICE[sdk=iphonesimulator*]" = false;
				LD_RUNPATH_SEARCH_PATHS = (
					"$(inherited)",
					"@executable_path/Frameworks",
				);
				PRODUCT_BUNDLE_IDENTIFIER = com.janaszek.iosApp;
				PRODUCT_NAME = "$(TARGET_NAME)";
				SWIFT_VERSION = 4.2;
				TARGETED_DEVICE_FAMILY = "1,2";
			};
			name = Release;
		};
		023406ED22B6823900F7A0F0 /* Debug */ = {
			isa = XCBuildConfiguration;
			buildSettings = {
				ALWAYS_EMBED_SWIFT_STANDARD_LIBRARIES = YES;
				BUNDLE_LOADER = "$(TEST_HOST)";
				CODE_SIGN_STYLE = Automatic;
				INFOPLIST_FILE = iosAppTests/Info.plist;
				LD_RUNPATH_SEARCH_PATHS = (
					"$(inherited)",
					"@executable_path/Frameworks",
					"@loader_path/Frameworks",
				);
				PRODUCT_BUNDLE_IDENTIFIER = com.janaszek.iosAppTests;
				PRODUCT_NAME = "$(TARGET_NAME)";
				SWIFT_VERSION = 4.2;
				TARGETED_DEVICE_FAMILY = "1,2";
				TEST_HOST = "$(BUILT_PRODUCTS_DIR)/iosApp.app/iosApp";
			};
			name = Debug;
		};
		023406EE22B6823900F7A0F0 /* Release */ = {
			isa = XCBuildConfiguration;
			buildSettings = {
				ALWAYS_EMBED_SWIFT_STANDARD_LIBRARIES = YES;
				BUNDLE_LOADER = "$(TEST_HOST)";
				CODE_SIGN_STYLE = Automatic;
				INFOPLIST_FILE = iosAppTests/Info.plist;
				LD_RUNPATH_SEARCH_PATHS = (
					"$(inherited)",
					"@executable_path/Frameworks",
					"@loader_path/Frameworks",
				);
				PRODUCT_BUNDLE_IDENTIFIER = com.janaszek.iosAppTests;
				PRODUCT_NAME = "$(TARGET_NAME)";
				SWIFT_VERSION = 4.2;
				TARGETED_DEVICE_FAMILY = "1,2";
				TEST_HOST = "$(BUILT_PRODUCTS_DIR)/iosApp.app/iosApp";
			};
			name = Release;
		};
		023406F022B6823900F7A0F0 /* Debug */ = {
			isa = XCBuildConfiguration;
			buildSettings = {
				ALWAYS_EMBED_SWIFT_STANDARD_LIBRARIES = YES;
				CODE_SIGN_STYLE = Automatic;
				INFOPLIST_FILE = iosAppUITests/Info.plist;
				LD_RUNPATH_SEARCH_PATHS = (
					"$(inherited)",
					"@executable_path/Frameworks",
					"@loader_path/Frameworks",
				);
				PRODUCT_BUNDLE_IDENTIFIER = com.janaszek.iosAppUITests;
				PRODUCT_NAME = "$(TARGET_NAME)";
				SWIFT_VERSION = 4.2;
				TARGETED_DEVICE_FAMILY = "1,2";
				TEST_TARGET_NAME = iosApp;
			};
			name = Debug;
		};
		023406F122B6823900F7A0F0 /* Release */ = {
			isa = XCBuildConfiguration;
			buildSettings = {
				ALWAYS_EMBED_SWIFT_STANDARD_LIBRARIES = YES;
				CODE_SIGN_STYLE = Automatic;
				INFOPLIST_FILE = iosAppUITests/Info.plist;
				LD_RUNPATH_SEARCH_PATHS = (
					"$(inherited)",
					"@executable_path/Frameworks",
					"@loader_path/Frameworks",
				);
				PRODUCT_BUNDLE_IDENTIFIER = com.janaszek.iosAppUITests;
				PRODUCT_NAME = "$(TARGET_NAME)";
				SWIFT_VERSION = 4.2;
				TARGETED_DEVICE_FAMILY = "1,2";
				TEST_TARGET_NAME = iosApp;
			};
			name = Release;
		};
/* End XCBuildConfiguration section */

/* Begin XCConfigurationList section */
		023406BC22B6823500F7A0F0 /* Build configuration list for PBXProject "iosApp" */ = {
			isa = XCConfigurationList;
			buildConfigurations = (
				023406E722B6823900F7A0F0 /* Debug */,
				023406E822B6823900F7A0F0 /* Release */,
			);
			defaultConfigurationIsVisible = 0;
			defaultConfigurationName = Release;
		};
		023406E922B6823900F7A0F0 /* Build configuration list for PBXNativeTarget "iosApp" */ = {
			isa = XCConfigurationList;
			buildConfigurations = (
				023406EA22B6823900F7A0F0 /* Debug */,
				023406EB22B6823900F7A0F0 /* Release */,
			);
			defaultConfigurationIsVisible = 0;
			defaultConfigurationName = Release;
		};
		023406EC22B6823900F7A0F0 /* Build configuration list for PBXNativeTarget "iosAppTests" */ = {
			isa = XCConfigurationList;
			buildConfigurations = (
				023406ED22B6823900F7A0F0 /* Debug */,
				023406EE22B6823900F7A0F0 /* Release */,
			);
			defaultConfigurationIsVisible = 0;
			defaultConfigurationName = Release;
		};
		023406EF22B6823900F7A0F0 /* Build configuration list for PBXNativeTarget "iosAppUITests" */ = {
			isa = XCConfigurationList;
			buildConfigurations = (
				023406F022B6823900F7A0F0 /* Debug */,
				023406F122B6823900F7A0F0 /* Release */,
			);
			defaultConfigurationIsVisible = 0;
			defaultConfigurationName = Release;
		};
/* End XCConfigurationList section */
	};
	rootObject = 023406B922B6823500F7A0F0 /* Project object */;
}
